
Microsoft Visual Studio Solution File, Format Version 12.00
# Visual Studio 2012
Project("{8BC9CEB8-8B4A-11D0-8D11-00A0C91BC942}") = "multiple", "multiple\multiple.vcxproj", "{E0590E75-7481-4F5D-99C6-33D87E554890}"
EndProject
Project("{8BC9CEB8-8B4A-11D0-8D11-00A0C91BC942}") = "UnitTest1", "UnitTest1\UnitTest1.vcxproj", "{9C013602-8883-4ED4-BAAF-683E70B9107B}"
EndProject
Global
	GlobalSection(SolutionConfigurationPlatforms) = preSolution
		Debug|Win32 = Debug|Win32
		Release|Win32 = Release|Win32
	EndGlobalSection
	GlobalSection(ProjectConfigurationPlatforms) = postSolution
		{E0590E75-7481-4F5D-99C6-33D87E554890}.Debug|Win32.ActiveCfg = Debug|Win32
		{E0590E75-7481-4F5D-99C6-33D87E554890}.Debug|Win32.Build.0 = Debug|Win32
		{E0590E75-7481-4F5D-99C6-33D87E554890}.Release|Win32.ActiveCfg = Release|Win32
		{E0590E75-7481-4F5D-99C6-33D87E554890}.Release|Win32.Build.0 = Release|Win32
		{9C013602-8883-4ED4-BAAF-683E70B9107B}.Debug|Win32.ActiveCfg = Debug|Win32
		{9C013602-8883-4ED4-BAAF-683E70B9107B}.Debug|Win32.Build.0 = Debug|Win32
		{9C013602-8883-4ED4-BAAF-683E70B9107B}.Release|Win32.ActiveCfg = Release|Win32
		{9C013602-8883-4ED4-BAAF-683E70B9107B}.Release|Win32.Build.0 = Release|Win32
	EndGlobalSection
	GlobalSection(SolutionProperties) = preSolution
		HideSolutionNode = FALSE
	EndGlobalSection
EndGlobal
